
Microsoft Visual Studio Solution File, Format Version 12.00
# Visual Studio Version 16
VisualStudioVersion = 16.0.31313.79
MinimumVisualStudioVersion = 10.0.40219.1
Project("{FAE04EC0-301F-11D3-BF4B-00C04F79EFBC}") = "DreamProperties.Android", "DreamProperties\DreamProperties.Android\DreamProperties.Android.csproj", "{A12A4E21-A0CD-4B0D-940D-E4EA6F0EFCBD}"
EndProject
Project("{FAE04EC0-301F-11D3-BF4B-00C04F79EFBC}") = "DreamProperties.iOS", "DreamProperties\DreamProperties.iOS\DreamProperties.iOS.csproj", "{A185BFA3-9805-46DE-B3DF-F7B5EC03CF5D}"
EndProject
Project("{9A19103F-16F7-4668-BE54-9A1E7A4F7556}") = "DreamProperties", "DreamProperties\DreamProperties\DreamProperties.csproj", "{205E7CE0-293C-4A43-AEA5-D2FD036791C0}"
EndProject
Project("{2150E333-8FDC-42A3-9474-1A3956D46DE8}") = "Mobile", "Mobile", "{BB2B62D3-704B-4E3C-A21A-4CF9FB00DED2}"
EndProject
Project("{2150E333-8FDC-42A3-9474-1A3956D46DE8}") = "Shared", "Shared", "{E3C9EE03-A5E7-47F2-985A-D1CA8C8FF0B5}"
EndProject
Project("{2150E333-8FDC-42A3-9474-1A3956D46DE8}") = "Web", "Web", "{0C0C4053-782D-407C-994B-4C19D4DDA653}"
EndProject
Project("{FAE04EC0-301F-11D3-BF4B-00C04F79EFBC}") = "DreamProperties.API", "DreamProperties.API\DreamProperties.API.csproj", "{97D38EAC-DD03-49CE-9534-C19299991436}"
EndProject
Global
	GlobalSection(SolutionConfigurationPlatforms) = preSolution
		Debug|Any CPU = Debug|Any CPU
		Debug|iPhone = Debug|iPhone
		Debug|iPhoneSimulator = Debug|iPhoneSimulator
		Release|Any CPU = Release|Any CPU
		Release|iPhone = Release|iPhone
		Release|iPhoneSimulator = Release|iPhoneSimulator
	EndGlobalSection
	GlobalSection(ProjectConfigurationPlatforms) = postSolution
		{A12A4E21-A0CD-4B0D-940D-E4EA6F0EFCBD}.Debug|Any CPU.ActiveCfg = Debug|Any CPU
		{A12A4E21-A0CD-4B0D-940D-E4EA6F0EFCBD}.Debug|Any CPU.Build.0 = Debug|Any CPU
		{A12A4E21-A0CD-4B0D-940D-E4EA6F0EFCBD}.Debug|Any CPU.Deploy.0 = Debug|Any CPU
		{A12A4E21-A0CD-4B0D-940D-E4EA6F0EFCBD}.Debug|iPhone.ActiveCfg = Debug|Any CPU
		{A12A4E21-A0CD-4B0D-940D-E4EA6F0EFCBD}.Debug|iPhone.Build.0 = Debug|Any CPU
		{A12A4E21-A0CD-4B0D-940D-E4EA6F0EFCBD}.Debug|iPhone.Deploy.0 = Debug|Any CPU
		{A12A4E21-A0CD-4B0D-940D-E4EA6F0EFCBD}.Debug|iPhoneSimulator.ActiveCfg = Debug|Any CPU
		{A12A4E21-A0CD-4B0D-940D-E4EA6F0EFCBD}.Debug|iPhoneSimulator.Build.0 = Debug|Any CPU
		{A12A4E21-A0CD-4B0D-940D-E4EA6F0EFCBD}.Debug|iPhoneSimulator.Deploy.0 = Debug|Any CPU
		{A12A4E21-A0CD-4B0D-940D-E4EA6F0EFCBD}.Release|Any CPU.ActiveCfg = Release|Any CPU
		{A12A4E21-A0CD-4B0D-940D-E4EA6F0EFCBD}.Release|Any CPU.Build.0 = Release|Any CPU
		{A12A4E21-A0CD-4B0D-940D-E4EA6F0EFCBD}.Release|Any CPU.Deploy.0 = Release|Any CPU
		{A12A4E21-A0CD-4B0D-940D-E4EA6F0EFCBD}.Release|iPhone.ActiveCfg = Release|Any CPU
		{A12A4E21-A0CD-4B0D-940D-E4EA6F0EFCBD}.Release|iPhone.Build.0 = Release|Any CPU
		{A12A4E21-A0CD-4B0D-940D-E4EA6F0EFCBD}.Release|iPhone.Deploy.0 = Release|Any CPU
		{A12A4E21-A0CD-4B0D-940D-E4EA6F0EFCBD}.Release|iPhoneSimulator.ActiveCfg = Release|Any CPU
		{A12A4E21-A0CD-4B0D-940D-E4EA6F0EFCBD}.Release|iPhoneSimulator.Build.0 = Release|Any CPU
		{A12A4E21-A0CD-4B0D-940D-E4EA6F0EFCBD}.Release|iPhoneSimulator.Deploy.0 = Release|Any CPU
		{A185BFA3-9805-46DE-B3DF-F7B5EC03CF5D}.Debug|Any CPU.ActiveCfg = Debug|iPhone
		{A185BFA3-9805-46DE-B3DF-F7B5EC03CF5D}.Debug|Any CPU.Build.0 = Debug|iPhone
		{A185BFA3-9805-46DE-B3DF-F7B5EC03CF5D}.Debug|Any CPU.Deploy.0 = Debug|iPhone
		{A185BFA3-9805-46DE-B3DF-F7B5EC03CF5D}.Debug|iPhone.ActiveCfg = Debug|iPhone
		{A185BFA3-9805-46DE-B3DF-F7B5EC03CF5D}.Debug|iPhone.Build.0 = Debug|iPhone
		{A185BFA3-9805-46DE-B3DF-F7B5EC03CF5D}.Debug|iPhone.Deploy.0 = Debug|iPhone
		{A185BFA3-9805-46DE-B3DF-F7B5EC03CF5D}.Debug|iPhoneSimulator.ActiveCfg = Debug|iPhoneSimulator
		{A185BFA3-9805-46DE-B3DF-F7B5EC03CF5D}.Debug|iPhoneSimulator.Build.0 = Debug|iPhoneSimulator
		{A185BFA3-9805-46DE-B3DF-F7B5EC03CF5D}.Debug|iPhoneSimulator.Deploy.0 = Debug|iPhoneSimulator
		{A185BFA3-9805-46DE-B3DF-F7B5EC03CF5D}.Release|Any CPU.ActiveCfg = Release|iPhoneSimulator
		{A185BFA3-9805-46DE-B3DF-F7B5EC03CF5D}.Release|Any CPU.Build.0 = Release|iPhoneSimulator
		{A185BFA3-9805-46DE-B3DF-F7B5EC03CF5D}.Release|Any CPU.Deploy.0 = Release|iPhoneSimulator
		{A185BFA3-9805-46DE-B3DF-F7B5EC03CF5D}.Release|iPhone.ActiveCfg = Release|iPhone
		{A185BFA3-9805-46DE-B3DF-F7B5EC03CF5D}.Release|iPhone.Build.0 = Release|iPhone
		{A185BFA3-9805-46DE-B3DF-F7B5EC03CF5D}.Release|iPhone.Deploy.0 = Release|iPhone
		{A185BFA3-9805-46DE-B3DF-F7B5EC03CF5D}.Release|iPhoneSimulator.ActiveCfg = Release|iPhoneSimulator
		{A185BFA3-9805-46DE-B3DF-F7B5EC03CF5D}.Release|iPhoneSimulator.Build.0 = Release|iPhoneSimulator
		{A185BFA3-9805-46DE-B3DF-F7B5EC03CF5D}.Release|iPhoneSimulator.Deploy.0 = Release|iPhoneSimulator
		{205E7CE0-293C-4A43-AEA5-D2FD036791C0}.Debug|Any CPU.ActiveCfg = Debug|Any CPU
		{205E7CE0-293C-4A43-AEA5-D2FD036791C0}.Debug|Any CPU.Build.0 = Debug|Any CPU
		{205E7CE0-293C-4A43-AEA5-D2FD036791C0}.Debug|Any CPU.Deploy.0 = Debug|Any CPU
		{205E7CE0-293C-4A43-AEA5-D2FD036791C0}.Debug|iPhone.ActiveCfg = Debug|Any CPU
		{205E7CE0-293C-4A43-AEA5-D2FD036791C0}.Debug|iPhone.Build.0 = Debug|Any CPU
		{205E7CE0-293C-4A43-AEA5-D2FD036791C0}.Debug|iPhone.Deploy.0 = Debug|Any CPU
		{205E7CE0-293C-4A43-AEA5-D2FD036791C0}.Debug|iPhoneSimulator.ActiveCfg = Debug|Any CPU
		{205E7CE0-293C-4A43-AEA5-D2FD036791C0}.Debug|iPhoneSimulator.Build.0 = Debug|Any CPU
		{205E7CE0-293C-4A43-AEA5-D2FD036791C0}.Debug|iPhoneSimulator.Deploy.0 = Debug|Any CPU
		{205E7CE0-293C-4A43-AEA5-D2FD036791C0}.Release|Any CPU.ActiveCfg = Release|Any CPU
		{205E7CE0-293C-4A43-AEA5-D2FD036791C0}.Release|Any CPU.Build.0 = Release|Any CPU
		{205E7CE0-293C-4A43-AEA5-D2FD036791C0}.Release|Any CPU.Deploy.0 = Release|Any CPU
		{205E7CE0-293C-4A43-AEA5-D2FD036791C0}.Release|iPhone.ActiveCfg = Release|Any CPU
		{205E7CE0-293C-4A43-AEA5-D2FD036791C0}.Release|iPhone.Build.0 = Release|Any CPU
		{205E7CE0-293C-4A43-AEA5-D2FD036791C0}.Release|iPhone.Deploy.0 = Release|Any CPU
		{205E7CE0-293C-4A43-AEA5-D2FD036791C0}.Release|iPhoneSimulator.ActiveCfg = Release|Any CPU
		{205E7CE0-293C-4A43-AEA5-D2FD036791C0}.Release|iPhoneSimulator.Build.0 = Release|Any CPU
		{205E7CE0-293C-4A43-AEA5-D2FD036791C0}.Release|iPhoneSimulator.Deploy.0 = Release|Any CPU
		{97D38EAC-DD03-49CE-9534-C19299991436}.Debug|Any CPU.ActiveCfg = Debug|Any CPU
		{97D38EAC-DD03-49CE-9534-C19299991436}.Debug|Any CPU.Build.0 = Debug|Any CPU
		{97D38EAC-DD03-49CE-9534-C19299991436}.Debug|iPhone.ActiveCfg = Debug|Any CPU
		{97D38EAC-DD03-49CE-9534-C19299991436}.Debug|iPhone.Build.0 = Debug|Any CPU
		{97D38EAC-DD03-49CE-9534-C19299991436}.Debug|iPhoneSimulator.ActiveCfg = Debug|Any CPU
		{97D38EAC-DD03-49CE-9534-C19299991436}.Debug|iPhoneSimulator.Build.0 = Debug|Any CPU
		{97D38EAC-DD03-49CE-9534-C19299991436}.Release|Any CPU.ActiveCfg = Release|Any CPU
		{97D38EAC-DD03-49CE-9534-C19299991436}.Release|Any CPU.Build.0 = Release|Any CPU
		{97D38EAC-DD03-49CE-9534-C19299991436}.Release|iPhone.ActiveCfg = Release|Any CPU
		{97D38EAC-DD03-49CE-9534-C19299991436}.Release|iPhone.Build.0 = Release|Any CPU
		{97D38EAC-DD03-49CE-9534-C19299991436}.Release|iPhoneSimulator.ActiveCfg = Release|Any CPU
		{97D38EAC-DD03-49CE-9534-C19299991436}.Release|iPhoneSimulator.Build.0 = Release|Any CPU
	EndGlobalSection
	GlobalSection(SolutionProperties) = preSolution
		HideSolutionNode = FALSE
	EndGlobalSection
	GlobalSection(NestedProjects) = preSolution
		{A12A4E21-A0CD-4B0D-940D-E4EA6F0EFCBD} = {BB2B62D3-704B-4E3C-A21A-4CF9FB00DED2}
		{A185BFA3-9805-46DE-B3DF-F7B5EC03CF5D} = {BB2B62D3-704B-4E3C-A21A-4CF9FB00DED2}
		{205E7CE0-293C-4A43-AEA5-D2FD036791C0} = {BB2B62D3-704B-4E3C-A21A-4CF9FB00DED2}
		{97D38EAC-DD03-49CE-9534-C19299991436} = {0C0C4053-782D-407C-994B-4C19D4DDA653}
	EndGlobalSection
	GlobalSection(ExtensibilityGlobals) = postSolution
		SolutionGuid = {C24CF2DB-7276-45E5-9185-820018431803}
	EndGlobalSection
EndGlobal
